{
  "projects": [
    {
      "projectId": "bNJjNc2NbC4jfBdycy75o8",
      "version": "latest",
      "dependencies": {},
      "lang": "ts",
      "fileLocks": [
        {
          "type": "globalVariant",
          "assetId": "XS8lqfxZhwLY",
          "checksum": "ea1f99696be2729745c6e61a665f2ee5"
        },
        {
          "type": "renderModule",
          "assetId": "Ess5kdNBQke",
          "checksum": "4609d613bc24c7f42add167236462721"
        },
        {
          "type": "cssRules",
          "assetId": "Ess5kdNBQke",
          "checksum": "4609d613bc24c7f42add167236462721"
        },
        {
          "type": "renderModule",
          "assetId": "UZaPkpLSomxt",
          "checksum": "b76ee6ced85be2907e6604975d6339e3"
        },
        {
          "type": "cssRules",
          "assetId": "UZaPkpLSomxt",
          "checksum": "b76ee6ced85be2907e6604975d6339e3"
        },
        {
          "type": "renderModule",
          "assetId": "ThexOuedbks1",
          "checksum": "bb8dd36b5fe7c26cdb9097fba78765f8"
        },
        {
          "type": "cssRules",
          "assetId": "ThexOuedbks1",
          "checksum": "bb8dd36b5fe7c26cdb9097fba78765f8"
        },
        {
          "type": "renderModule",
          "assetId": "dbGVEXIYhu_f",
          "checksum": "0cda69d9388701547835d06fcc1ccefc"
        },
        {
          "type": "cssRules",
          "assetId": "dbGVEXIYhu_f",
          "checksum": "0cda69d9388701547835d06fcc1ccefc"
        },
        {
          "type": "renderModule",
          "assetId": "9tG1OyZAVIis",
          "checksum": "2e6ea3c2054922b746adb31aa70e347d"
        },
        {
          "type": "cssRules",
          "assetId": "9tG1OyZAVIis",
          "checksum": "2e6ea3c2054922b746adb31aa70e347d"
        },
        {
          "type": "renderModule",
          "assetId": "oCAlBrknrkLn",
          "checksum": "2e5dc881f8df71b5e82b56b79abfe493"
        },
        {
          "type": "cssRules",
          "assetId": "oCAlBrknrkLn",
          "checksum": "2e5dc881f8df71b5e82b56b79abfe493"
        },
        {
          "type": "renderModule",
          "assetId": "7Osq_1lpBJMp",
          "checksum": "cfdff52f0738d2003be0e218e1ba2000"
        },
        {
          "type": "cssRules",
          "assetId": "7Osq_1lpBJMp",
          "checksum": "cfdff52f0738d2003be0e218e1ba2000"
        },
        {
          "type": "renderModule",
          "assetId": "NsK2QjXT7pcM",
          "checksum": "878e221d1b88d0971799c4d9698be373"
        },
        {
          "type": "cssRules",
          "assetId": "NsK2QjXT7pcM",
          "checksum": "878e221d1b88d0971799c4d9698be373"
        },
        {
          "type": "renderModule",
          "assetId": "vcZIwAsP-PHX",
          "checksum": "b1eca463e0459b872c4f2abb81b3ea4d"
        },
        {
          "type": "cssRules",
          "assetId": "vcZIwAsP-PHX",
          "checksum": "b1eca463e0459b872c4f2abb81b3ea4d"
        },
        {
          "type": "renderModule",
          "assetId": "ehiWvKp_fzme",
          "checksum": "0e1d655ec339a60c0319bc9c904dfd89"
        },
        {
          "type": "cssRules",
          "assetId": "ehiWvKp_fzme",
          "checksum": "0e1d655ec339a60c0319bc9c904dfd89"
        },
        {
          "type": "renderModule",
          "assetId": "T0bbL5EU2k3r",
          "checksum": "84f8e11cdbc86ee0d3f46de681ab352f"
        },
        {
          "type": "cssRules",
          "assetId": "T0bbL5EU2k3r",
          "checksum": "84f8e11cdbc86ee0d3f46de681ab352f"
        },
        {
          "type": "renderModule",
          "assetId": "iXxSJX956e4d",
          "checksum": "e3a1466e40a416d15fe812e38ce706d8"
        },
        {
          "type": "cssRules",
          "assetId": "iXxSJX956e4d",
          "checksum": "e3a1466e40a416d15fe812e38ce706d8"
        },
        {
          "type": "renderModule",
          "assetId": "W8d-SKhm83xS",
          "checksum": "083127df86e3fbc6cbfe1df9a742690c"
        },
        {
          "type": "cssRules",
          "assetId": "W8d-SKhm83xS",
          "checksum": "083127df86e3fbc6cbfe1df9a742690c"
        },
        {
          "type": "renderModule",
          "assetId": "yrt3dRfNFL8K",
          "checksum": "cc0650899c2e931f71ed9e94d404a864"
        },
        {
          "type": "cssRules",
          "assetId": "yrt3dRfNFL8K",
          "checksum": "cc0650899c2e931f71ed9e94d404a864"
        },
        {
          "type": "renderModule",
          "assetId": "7SzxSSEbWsst",
          "checksum": "2573c0b7c6723732e571c12d99a3573f"
        },
        {
          "type": "cssRules",
          "assetId": "7SzxSSEbWsst",
          "checksum": "2573c0b7c6723732e571c12d99a3573f"
        },
        {
          "type": "renderModule",
          "assetId": "lsmUdTd1Sc6_",
          "checksum": "efb0c0b67833c845fe9d321c8f1a30b0"
        },
        {
          "type": "cssRules",
          "assetId": "lsmUdTd1Sc6_",
          "checksum": "efb0c0b67833c845fe9d321c8f1a30b0"
        },
        {
          "type": "icon",
          "assetId": "MwxVTyBYf-O_",
          "checksum": "f457a5655a0318b800844577047aa607"
        },
        {
          "type": "icon",
          "assetId": "z9cGvuOYJMO1",
          "checksum": "ac44294288f7208191478c1b40d7843a"
        },
        {
          "type": "icon",
          "assetId": "avU6PQeXwvkN",
          "checksum": "e2267f5dee64b90b11b4f7082fafec8a"
        },
        {
          "type": "icon",
          "assetId": "VEEvFaanbTlH",
          "checksum": "ac5e243740dd6fc1ee0c0363b3010374"
        },
        {
          "type": "icon",
          "assetId": "ePabL_LXTnk1",
          "checksum": "35ad91839a7eaf493ca8292925ef720c"
        },
        {
          "type": "icon",
          "assetId": "EMtLeGl57bmd",
          "checksum": "a9b87281d0f1ad3f06cc8342b7f5523f"
        },
        {
          "type": "icon",
          "assetId": "WqD9rzKB0T2b",
          "checksum": "04d3e7afa6e149ca4c2105ae569a001f"
        },
        {
          "type": "icon",
          "assetId": "FK_DHr1NmIMb",
          "checksum": "1a437f908671e051e207120669ce4cba"
        },
        {
          "type": "icon",
          "assetId": "ilXNZMoWvbmT",
          "checksum": "11fcd78347e86d11a17627130d5dc654"
        },
        {
          "type": "icon",
          "assetId": "LDeJ2smQIyiO",
          "checksum": "bc167618c2562d05a74424112e6e22e4"
        },
        {
          "type": "icon",
          "assetId": "Ct6TrdIWVYnJ",
          "checksum": "ac4413ef68d03331eec1ec61abdc22d8"
        },
        {
          "type": "icon",
          "assetId": "YXiwJs_7G3Nj",
          "checksum": "9273de38bead2a891d8d255922a232d2"
        },
        {
          "type": "icon",
          "assetId": "xwxygpKk6efH",
          "checksum": "0e53c8698bf82c18ab514c6f85f27a2d"
        },
        {
          "type": "icon",
          "assetId": "GenxYUKBTlHD",
          "checksum": "b65a674abab6cf1b4986a5a3e9a90584"
        },
        {
          "type": "icon",
          "assetId": "G01pIb6GIpgD",
          "checksum": "ca510bfada5172d15fdeab63e1f049eb"
        },
        {
          "type": "icon",
          "assetId": "BfdMPsLO-KiP",
          "checksum": "49f16f0b59f6c8d6b75a5c6945f6d17e"
        },
        {
          "type": "icon",
          "assetId": "C6ZijoGHL8Iq",
          "checksum": "78db05b6a93cd4035852f63272e7236c"
        },
        {
          "type": "image",
          "assetId": "u8VyQsjDMNIJ",
          "checksum": "003c744bea1f6e6b566fbf5868b28ca0"
        },
        {
          "type": "image",
          "assetId": "h8m0AReHqGAU",
          "checksum": "2f74891a5f777f190421f8d7078fe9cf"
        },
        {
          "type": "image",
          "assetId": "jzzwTYtlmIx0",
          "checksum": "209f1e2142c8d9747cddbf5f3266e5ea"
        },
        {
          "type": "image",
          "assetId": "MwPZanrxS7ge",
          "checksum": "83531a3d857ba7ef6e3719b4bc66423c"
        },
        {
          "type": "image",
          "assetId": "48ji54RL4cKT",
          "checksum": "e9844ccfc2b5e88fb49db0631be31396"
        },
        {
          "type": "image",
          "assetId": "hbxXWbwK1ZpO",
          "checksum": "611dac1f36d4da92d1120f29bede271f"
        },
        {
          "type": "image",
          "assetId": "gVmSqfswgPdT",
          "checksum": "48997d0e0490bfdc6a673751dfacbe5a"
        },
        {
          "type": "image",
          "assetId": "p3A3T3IViVPb",
          "checksum": "f9ede1afa03cc9eba8462d6e164f2f9b"
        },
        {
          "type": "image",
          "assetId": "iqHhcqQGHOcd",
          "checksum": "14b1dbd46bfbd144d21d2a3b4b54832c"
        },
        {
          "type": "image",
          "assetId": "LeBKb6zNU349",
          "checksum": "3750d4151e781fe53360dbde9d5de90f"
        },
        {
          "type": "image",
          "assetId": "HHUtrNyhwe1J",
          "checksum": "05cab295e91b12be008274c092230412"
        },
        {
          "type": "image",
          "assetId": "6vE1BtLiDqfm",
          "checksum": "0462be7addc495f2255c46f7958a3519"
        },
        {
          "type": "image",
          "assetId": "dvdI6xtBrUcn",
          "checksum": "2bb9c866a18dfe09a2b0d75963722aac"
        },
        {
          "type": "image",
          "assetId": "QJ8jh3nq3I_p",
          "checksum": "16011ed4d8bca912a5f9534964a63d5e"
        },
        {
          "type": "image",
          "assetId": "3NfqgqFDr-JE",
          "checksum": "ef04e9e9b92497b76e0ba3104bdf9d1b"
        },
        {
          "type": "image",
          "assetId": "_1EfWDfpo1K3",
          "checksum": "8563144f597e011924076466d2cd0707"
        },
        {
          "type": "image",
          "assetId": "w_5lmvCYRw1x",
          "checksum": "cb2b4d214609ffb301d713ec8b42dbd6"
        },
        {
          "type": "image",
          "assetId": "iazh52B71tlX",
          "checksum": "7206c582a68013c3e4286d3113dd08f5"
        },
        {
          "type": "image",
          "assetId": "l1pBnljDgpcf",
          "checksum": "d4dbe1bdb24bdf99f746e14316fd4b04"
        },
        {
          "type": "image",
          "assetId": "Kz9SDhqBrIyH",
          "checksum": "255b2964b6408ae2750d0648d7d907e5"
        },
        {
          "type": "image",
          "assetId": "kEWv1A03U",
          "checksum": "fa8e2c1e97a8a43b92f1cb9d4cd7e200"
        },
        {
          "type": "image",
          "assetId": "IUZKK0eNm",
          "checksum": "ef0664bdaaae6a72315f9788e8920e3f"
        },
        {
          "type": "image",
          "assetId": "8hu5Hwq0U",
          "checksum": "4c7c9140a53962365bf632699be8cd69"
        },
        {
          "type": "image",
          "assetId": "Y36N2dQLE",
          "checksum": "c4403e27bc191c4c37c3e6e4aba53ea6"
        },
        {
          "type": "image",
          "assetId": "nZZtuMPI2",
          "checksum": "0c27b0aad6b6b63f38971bf6f95c3e09"
        },
        {
          "type": "image",
          "assetId": "PThAArfOf",
          "checksum": "2162797631ddb3b26d56e62faf500a6d"
        },
        {
          "type": "image",
          "assetId": "xyxoKm6P5",
          "checksum": "3dcf3a28bf0825f00ab5968443f5bccb"
        },
        {
          "type": "image",
          "assetId": "Jivi028fR",
          "checksum": "a16c748852a55a030913ec469a2d2110"
        },
        {
          "type": "image",
          "assetId": "Vc1KQZImW",
          "checksum": "fb651e16e4530a6bd7eb634d712d3cd4"
        },
        {
          "type": "image",
          "assetId": "Rgd5cUI3A",
          "checksum": "bd53ef95d3dfe64dfb54ce4f0b5a5f93"
        },
        {
          "assetId": "bNJjNc2NbC4jfBdycy75o8",
          "type": "projectCss",
          "checksum": "980f0dc0fa0d5ed4efe6aa7757cc80da"
        }
      ]
    }
  ],
  "cliVersion": "0.1.166"
}
